// !$*UTF8*$!
{
	archiveVersion = 1;
	classes = {
	};
	objectVersion = 77;
	objects = {

/* Begin PBXContainerItemProxy section */
		652EADEF2E42A1A100AC62B6 /* PBXContainerItemProxy */ = {
			isa = PBXContainerItemProxy;
			containerPortal = 652EADD02E42A1A000AC62B6 /* Project object */;
			proxyType = 1;
			remoteGlobalIDString = 652EADD72E42A1A000AC62B6;
			remoteInfo = ExpensesApp;
		};
		652EADF92E42A1A100AC62B6 /* PBXContainerItemProxy */ = {
			isa = PBXContainerItemProxy;
			containerPortal = 652EADD02E42A1A000AC62B6 /* Project object */;
			proxyType = 1;
			remoteGlobalIDString = 652EADD72E42A1A000AC62B6;
			remoteInfo = ExpensesApp;
		};
/* End PBXContainerItemProxy section */

/* Begin PBXFileReference section */
		652EADD82E42A1A000AC62B6 /* ExpensesApp.app */ = {isa = PBXFileReference; explicitFileType = wrapper.application; includeInIndex = 0; path = ExpensesApp.app; sourceTree = BUILT_PRODUCTS_DIR; };
		652EADEE2E42A1A100AC62B6 /* ExpensesAppTests.xctest */ = {isa = PBXFileReference; explicitFileType = wrapper.cfbundle; includeInIndex = 0; path = ExpensesAppTests.xctest; sourceTree = BUILT_PRODUCTS_DIR; };
		652EADF82E42A1A100AC62B6 /* ExpensesAppUITests.xctest */ = {isa = PBXFileReference; explicitFileType = wrapper.cfbundle; includeInIndex = 0; path = ExpensesAppUITests.xctest; sourceTree = BUILT_PRODUCTS_DIR; };
/* End PBXFileReference section */

/* Begin PBXFileSystemSynchronizedBuildFileExceptionSet section */
		652EAE002E42A1A100AC62B6 /* Exceptions for "ExpensesApp" folder in "ExpensesApp" target */ = {
			isa = PBXFileSystemSynchronizedBuildFileExceptionSet;
			membershipExceptions = (
				Info.plist,
			);
			target = 652EADD72E42A1A000AC62B6 /* ExpensesApp */;
		};
/* End PBXFileSystemSynchronizedBuildFileExceptionSet section */

/* Begin PBXFileSystemSynchronizedRootGroup section */
		652EADDA2E42A1A000AC62B6 /* ExpensesApp */ = {
			isa = PBXFileSystemSynchronizedRootGroup;
			exceptions = (
				652EAE002E42A1A100AC62B6 /* Exceptions for "ExpensesApp" folder in "ExpensesApp" target */,
			);
			path = ExpensesApp;
			sourceTree = "<group>";
		};
		652EADF12E42A1A100AC62B6 /* ExpensesAppTests */ = {
			isa = PBXFileSystemSynchronizedRootGroup;
			path = ExpensesAppTests;
			sourceTree = "<group>";
		};
		652EADFB2E42A1A100AC62B6 /* ExpensesAppUITests */ = {
			isa = PBXFileSystemSynchronizedRootGroup;
			path = ExpensesAppUITests;
			sourceTree = "<group>";
		};
/* End PBXFileSystemSynchronizedRootGroup section */

/* Begin PBXFrameworksBuildPhase section */
		652EADD52E42A1A000AC62B6 /* Frameworks */ = {
			isa = PBXFrameworksBuildPhase;
			buildActionMask = 2147483647;
			files = (
			);
			runOnlyForDeploymentPostprocessing = 0;
		};
		652EADEB2E42A1A100AC62B6 /* Frameworks */ = {
			isa = PBXFrameworksBuildPhase;
			buildActionMask = 2147483647;
			files = (
			);
			runOnlyForDeploymentPostprocessing = 0;
		};
		652EADF52E42A1A100AC62B6 /* Frameworks */ = {
			isa = PBXFrameworksBuildPhase;
			buildActionMask = 2147483647;
			files = (
			);
			runOnlyForDeploymentPostprocessing = 0;
		};
/* End PBXFrameworksBuildPhase section */

/* Begin PBXGroup section */
		652EADCF2E42A1A000AC62B6 = {
			isa = PBXGroup;
			children = (
				652EADDA2E42A1A000AC62B6 /* ExpensesApp */,
				652EADF12E42A1A100AC62B6 /* ExpensesAppTests */,
				652EADFB2E42A1A100AC62B6 /* ExpensesAppUITests */,
				652EADD92E42A1A000AC62B6 /* Products */,
			);
			sourceTree = "<group>";
		};
		652EADD92E42A1A000AC62B6 /* Products */ = {
			isa = PBXGroup;
			children = (
				652EADD82E42A1A000AC62B6 /* ExpensesApp.app */,
				652EADEE2E42A1A100AC62B6 /* ExpensesAppTests.xctest */,
				652EADF82E42A1A100AC62B6 /* ExpensesAppUITests.xctest */,
			);
			name = Products;
			sourceTree = "<group>";
		};
/* End PBXGroup section */

/* Begin PBXNativeTarget section */
		652EADD72E42A1A000AC62B6 /* ExpensesApp */ = {
			isa = PBXNativeTarget;
			buildConfigurationList = 652EAE012E42A1A100AC62B6 /* Build configuration list for PBXNativeTarget "ExpensesApp" */;
			buildPhases = (
				652EADD42E42A1A000AC62B6 /* Sources */,
				652EADD52E42A1A000AC62B6 /* Frameworks */,
				652EADD62E42A1A000AC62B6 /* Resources */,
			);
			buildRules = (
			);
			dependencies = (
			);
			fileSystemSynchronizedGroups = (
				652EADDA2E42A1A000AC62B6 /* ExpensesApp */,
			);
			name = ExpensesApp;
			packageProductDependencies = (
			);
			productName = ExpensesApp;
			productReference = 652EADD82E42A1A000AC62B6 /* ExpensesApp.app */;
			productType = "com.apple.product-type.application";
		};
		652EADED2E42A1A100AC62B6 /* ExpensesAppTests */ = {
			isa = PBXNativeTarget;
			buildConfigurationList = 652EAE062E42A1A100AC62B6 /* Build configuration list for PBXNativeTarget "ExpensesAppTests" */;
			buildPhases = (
				652EADEA2E42A1A100AC62B6 /* Sources */,
				652EADEB2E42A1A100AC62B6 /* Frameworks */,
				652EADEC2E42A1A100AC62B6 /* Resources */,
			);
			buildRules = (
			);
			dependencies = (
				652EADF02E42A1A100AC62B6 /* PBXTargetDependency */,
			);
			fileSystemSynchronizedGroups = (
				652EADF12E42A1A100AC62B6 /* ExpensesAppTests */,
			);
			name = ExpensesAppTests;
			packageProductDependencies = (
			);
			productName = ExpensesAppTests;
			productReference = 652EADEE2E42A1A100AC62B6 /* ExpensesAppTests.xctest */;
			productType = "com.apple.product-type.bundle.unit-test";
		};
		652EADF72E42A1A100AC62B6 /* ExpensesAppUITests */ = {
			isa = PBXNativeTarget;
			buildConfigurationList = 652EAE092E42A1A100AC62B6 /* Build configuration list for PBXNativeTarget "ExpensesAppUITests" */;
			buildPhases = (
				652EADF42E42A1A100AC62B6 /* Sources */,
				652EADF52E42A1A100AC62B6 /* Frameworks */,
				652EADF62E42A1A100AC62B6 /* Resources */,
			);
			buildRules = (
			);
			dependencies = (
				652EADFA2E42A1A100AC62B6 /* PBXTargetDependency */,
			);
			fileSystemSynchronizedGroups = (
				652EADFB2E42A1A100AC62B6 /* ExpensesAppUITests */,
			);
			name = ExpensesAppUITests;
			packageProductDependencies = (
			);
			productName = ExpensesAppUITests;
			productReference = 652EADF82E42A1A100AC62B6 /* ExpensesAppUITests.xctest */;
			productType = "com.apple.product-type.bundle.ui-testing";
		};
/* End PBXNativeTarget section */

/* Begin PBXProject section */
		652EADD02E42A1A000AC62B6 /* Project object */ = {
			isa = PBXProject;
			attributes = {
				BuildIndependentTargetsInParallel = 1;
				LastSwiftUpdateCheck = 1640;
				LastUpgradeCheck = 1640;
				TargetAttributes = {
					652EADD72E42A1A000AC62B6 = {
						CreatedOnToolsVersion = 16.4;
					};
					652EADED2E42A1A100AC62B6 = {
						CreatedOnToolsVersion = 16.4;
						TestTargetID = 652EADD72E42A1A000AC62B6;
					};
					652EADF72E42A1A100AC62B6 = {
						CreatedOnToolsVersion = 16.4;
						TestTargetID = 652EADD72E42A1A000AC62B6;
					};
				};
			};
			buildConfigurationList = 652EADD32E42A1A000AC62B6 /* Build configuration list for PBXProject "ExpensesApp" */;
			developmentRegion = en;
			hasScannedForEncodings = 0;
			knownRegions = (
				en,
				Base,
			);
			mainGroup = 652EADCF2E42A1A000AC62B6;
			minimizedProjectReferenceProxies = 1;
			preferredProjectObjectVersion = 77;
			productRefGroup = 652EADD92E42A1A000AC62B6 /* Products */;
			projectDirPath = "";
			projectRoot = "";
			targets = (
				652EADD72E42A1A000AC62B6 /* ExpensesApp */,
				652EADED2E42A1A100AC62B6 /* ExpensesAppTests */,
				652EADF72E42A1A100AC62B6 /* ExpensesAppUITests */,
			);
		};
/* End PBXProject section */

/* Begin PBXResourcesBuildPhase section */
		652EADD62E42A1A000AC62B6 /* Resources */ = {
			isa = PBXResourcesBuildPhase;
			buildActionMask = 2147483647;
			files = (
			);
			runOnlyForDeploymentPostprocessing = 0;
		};
		652EADEC2E42A1A100AC62B6 /* Resources */ = {
			isa = PBXResourcesBuildPhase;
			buildActionMask = 2147483647;
			files = (
			);
			runOnlyForDeploymentPostprocessing = 0;
		};
		652EADF62E42A1A100AC62B6 /* Resources */ = {
			isa = PBXResourcesBuildPhase;
			buildActionMask = 2147483647;
			files = (
			);
			runOnlyForDeploymentPostprocessing = 0;
		};
/* End PBXResourcesBuildPhase section */

/* Begin PBXSourcesBuildPhase section */
		652EADD42E42A1A000AC62B6 /* Sources */ = {
			isa = PBXSourcesBuildPhase;
			buildActionMask = 2147483647;
			files = (
			);
			runOnlyForDeploymentPostprocessing = 0;
		};
		652EADEA2E42A1A100AC62B6 /* Sources */ = {
			isa = PBXSourcesBuildPhase;
			buildActionMask = 2147483647;
			files = (
			);
			runOnlyForDeploymentPostprocessing = 0;
		};
		652EADF42E42A1A100AC62B6 /* Sources */ = {
			isa = PBXSourcesBuildPhase;
			buildActionMask = 2147483647;
			files = (
			);
			runOnlyForDeploymentPostprocessing = 0;
		};
/* End PBXSourcesBuildPhase section */

/* Begin PBXTargetDependency section */
		652EADF02E42A1A100AC62B6 /* PBXTargetDependency */ = {
			isa = PBXTargetDependency;
			target = 652EADD72E42A1A000AC62B6 /* ExpensesApp */;
			targetProxy = 652EADEF2E42A1A100AC62B6 /* PBXContainerItemProxy */;
		};
		652EADFA2E42A1A100AC62B6 /* PBXTargetDependency */ = {
			isa = PBXTargetDependency;
			target = 652EADD72E42A1A000AC62B6 /* ExpensesApp */;
			targetProxy = 652EADF92E42A1A100AC62B6 /* PBXContainerItemProxy */;
		};
/* End PBXTargetDependency section */

/* Begin XCBuildConfiguration section */
		652EAE022E42A1A100AC62B6 /* Debug */ = {
			isa = XCBuildConfiguration;
			buildSettings = {
				ASSETCATALOG_COMPILER_APPICON_NAME = AppIcon;
				ASSETCATALOG_COMPILER_GLOBAL_ACCENT_COLOR_NAME = AccentColor;
				CODE_SIGN_STYLE = Automatic;
				CURRENT_PROJECT_VERSION = 1;
				GENERATE_INFOPLIST_FILE = YES;
				INFOPLIST_FILE = ExpensesApp/Info.plist;
				INFOPLIST_KEY_UIApplicationSupportsIndirectInputEvents = YES;
				INFOPLIST_KEY_UILaunchStoryboardName = LaunchScreen;
				INFOPLIST_KEY_UIMainStoryboardFile = Main;
				INFOPLIST_KEY_UISupportedInterfaceOrientations_iPad = "UIInterfaceOrientationPortrait UIInterfaceOrientationPortraitUpsideDown UIInterfaceOrientationLandscapeLeft UIInterfaceOrientationLandscapeRight";
				INFOPLIST_KEY_UISupportedInterfaceOrientations_iPhone = "UIInterfaceOrientationPortrait UIInterfaceOrientationLandscapeLeft UIInterfaceOrientationLandscapeRight";
				LD_RUNPATH_SEARCH_PATHS = (
					"$(inherited)",
					"@executable_path/Frameworks",
				);
				MARKETING_VERSION = 1.0;
				PRODUCT_BUNDLE_IDENTIFIER = com.aldoruizparra.ExpensesApp;
				PRODUCT_NAME = "$(TARGET_NAME)";
				SWIFT_EMIT_LOC_STRINGS = YES;
				SWIFT_VERSION = 5.0;
				TARGETED_DEVICE_FAMILY = "1,2";
			};
			name = Debug;
		};
		652EAE032E42A1A100AC62B6 /* Release */ = {
			isa = XCBuildConfiguration;
			buildSettings = {
				ASSETCATALOG_COMPILER_APPICON_NAME = AppIcon;
				ASSETCATALOG_COMPILER_GLOBAL_ACCENT_COLOR_NAME = AccentColor;
				CODE_SIGN_STYLE = Automatic;
				CURRENT_PROJECT_VERSION = 1;
				GENERATE_INFOPLIST_FILE = YES;
				INFOPLIST_FILE = ExpensesApp/Info.plist;
				INFOPLIST_KEY_UIApplicationSupportsIndirectInputEvents = YES;
				INFOPLIST_KEY_UILaunchStoryboardName = LaunchScreen;
				INFOPLIST_KEY_UIMainStoryboardFile = Main;
				INFOPLIST_KEY_UISupportedInterfaceOrientations_iPad = "UIInterfaceOrientationPortrait UIInterfaceOrientationPortraitUpsideDown UIInterfaceOrientationLandscapeLeft UIInterfaceOrientationLandscapeRight";
				INFOPLIST_KEY_UISupportedInterfaceOrientations_iPhone = "UIInterfaceOrientationPortrait UIInterfaceOrientationLandscapeLeft UIInterfaceOrientationLandscapeRight";
				LD_RUNPATH_SEARCH_PATHS = (
					"$(inherited)",
					"@executable_path/Frameworks",
				);
				MARKETING_VERSION = 1.0;
				PRODUCT_BUNDLE_IDENTIFIER = com.aldoruizparra.ExpensesApp;
				PRODUCT_NAME = "$(TARGET_NAME)";
				SWIFT_EMIT_LOC_STRINGS = YES;
				SWIFT_VERSION = 5.0;
				TARGETED_DEVICE_FAMILY = "1,2";
			};
			name = Release;
		};
		652EAE042E42A1A100AC62B6 /* Debug */ = {
			isa = XCBuildConfiguration;
			buildSettings = {
				ALWAYS_SEARCH_USER_PATHS = NO;
				ASSETCATALOG_COMPILER_GENERATE_SWIFT_ASSET_SYMBOL_EXTENSIONS = YES;
				CLANG_ANALYZER_NONNULL = YES;
				CLANG_ANALYZER_NUMBER_OBJECT_CONVERSION = YES_AGGRESSIVE;
				CLANG_CXX_LANGUAGE_STANDARD = "gnu++20";
				CLANG_ENABLE_MODULES = YES;
				CLANG_ENABLE_OBJC_ARC = YES;
				CLANG_ENABLE_OBJC_WEAK = YES;
				CLANG_WARN_BLOCK_CAPTURE_AUTORELEASING = YES;
				CLANG_WARN_BOOL_CONVERSION = YES;
				CLANG_WARN_COMMA = YES;
				CLANG_WARN_CONSTANT_CONVERSION = YES;
				CLANG_WARN_DEPRECATED_OBJC_IMPLEMENTATIONS = YES;
				CLANG_WARN_DIRECT_OBJC_ISA_USAGE = YES_ERROR;
				CLANG_WARN_DOCUMENTATION_COMMENTS = YES;
				CLANG_WARN_EMPTY_BODY = YES;
				CLANG_WARN_ENUM_CONVERSION = YES;
				CLANG_WARN_INFINITE_RECURSION = YES;
				CLANG_WARN_INT_CONVERSION = YES;
				CLANG_WARN_NON_LITERAL_NULL_CONVERSION = YES;
				CLANG_WARN_OBJC_IMPLICIT_RETAIN_SELF = YES;
				CLANG_WARN_OBJC_LITERAL_CONVERSION = YES;
				CLANG_WARN_OBJC_ROOT_CLASS = YES_ERROR;
				CLANG_WARN_QUOTED_INCLUDE_IN_FRAMEWORK_HEADER = YES;
				CLANG_WARN_RANGE_LOOP_ANALYSIS = YES;
				CLANG_WARN_STRICT_PROTOTYPES = YES;
				CLANG_WARN_SUSPICIOUS_MOVE = YES;
				CLANG_WARN_UNGUARDED_AVAILABILITY = YES_AGGRESSIVE;
				CLANG_WARN_UNREACHABLE_CODE = YES;
				CLANG_WARN__DUPLICATE_METHOD_MATCH = YES;
				COPY_PHASE_STRIP = NO;
				DEBUG_INFORMATION_FORMAT = dwarf;
				ENABLE_STRICT_OBJC_MSGSEND = YES;
				ENABLE_TESTABILITY = YES;
				ENABLE_USER_SCRIPT_SANDBOXING = YES;
				GCC_C_LANGUAGE_STANDARD = gnu17;
				GCC_DYNAMIC_NO_PIC = NO;
				GCC_NO_COMMON_BLOCKS = YES;
				GCC_OPTIMIZATION_LEVEL = 0;
				GCC_PREPROCESSOR_DEFINITIONS = (
					"DEBUG=1",
					"$(inherited)",
				);
				GCC_WARN_64_TO_32_BIT_CONVERSION = YES;
				GCC_WARN_ABOUT_RETURN_TYPE = YES_ERROR;
				GCC_WARN_UNDECLARED_SELECTOR = YES;
				GCC_WARN_UNINITIALIZED_AUTOS = YES_AGGRESSIVE;
				GCC_WARN_UNUSED_FUNCTION = YES;
				GCC_WARN_UNUSED_VARIABLE = YES;
				IPHONEOS_DEPLOYMENT_TARGET = 18.5;
				LOCALIZATION_PREFERS_STRING_CATALOGS = YES;
				MTL_ENABLE_DEBUG_INFO = INCLUDE_SOURCE;
				MTL_FAST_MATH = YES;
				ONLY_ACTIVE_ARCH = YES;
				SDKROOT = iphoneos;
				SWIFT_ACTIVE_COMPILATION_CONDITIONS = "DEBUG $(inherited)";
				SWIFT_OPTIMIZATION_LEVEL = "-Onone";
			};
			name = Debug;
		};
		652EAE052E42A1A100AC62B6 /* Release */ = {
			isa = XCBuildConfiguration;
			buildSettings = {
				ALWAYS_SEARCH_USER_PATHS = NO;
				ASSETCATALOG_COMPILER_GENERATE_SWIFT_ASSET_SYMBOL_EXTENSIONS = YES;
				CLANG_ANALYZER_NONNULL = YES;
				CLANG_ANALYZER_NUMBER_OBJECT_CONVERSION = YES_AGGRESSIVE;
				CLANG_CXX_LANGUAGE_STANDARD = "gnu++20";
				CLANG_ENABLE_MODULES = YES;
				CLANG_ENABLE_OBJC_ARC = YES;
				CLANG_ENABLE_OBJC_WEAK = YES;
				CLANG_WARN_BLOCK_CAPTURE_AUTORELEASING = YES;
				CLANG_WARN_BOOL_CONVERSION = YES;
				CLANG_WARN_COMMA = YES;
				CLANG_WARN_CONSTANT_CONVERSION = YES;
				CLANG_WARN_DEPRECATED_OBJC_IMPLEMENTATIONS = YES;
				CLANG_WARN_DIRECT_OBJC_ISA_USAGE = YES_ERROR;
				CLANG_WARN_DOCUMENTATION_COMMENTS = YES;
				CLANG_WARN_EMPTY_BODY = YES;
				CLANG_WARN_ENUM_CONVERSION = YES;
				CLANG_WARN_INFINITE_RECURSION = YES;
				CLANG_WARN_INT_CONVERSION = YES;
				CLANG_WARN_NON_LITERAL_NULL_CONVERSION = YES;
				CLANG_WARN_OBJC_IMPLICIT_RETAIN_SELF = YES;
				CLANG_WARN_OBJC_LITERAL_CONVERSION = YES;
				CLANG_WARN_OBJC_ROOT_CLASS = YES_ERROR;
				CLANG_WARN_QUOTED_INCLUDE_IN_FRAMEWORK_HEADER = YES;
				CLANG_WARN_RANGE_LOOP_ANALYSIS = YES;
				CLANG_WARN_STRICT_PROTOTYPES = YES;
				CLANG_WARN_SUSPICIOUS_MOVE = YES;
				CLANG_WARN_UNGUARDED_AVAILABILITY = YES_AGGRESSIVE;
				CLANG_WARN_UNREACHABLE_CODE = YES;
				CLANG_WARN__DUPLICATE_METHOD_MATCH = YES;
				COPY_PHASE_STRIP = NO;
				DEBUG_INFORMATION_FORMAT = "dwarf-with-dsym";
				ENABLE_NS_ASSERTIONS = NO;
				ENABLE_STRICT_OBJC_MSGSEND = YES;
				ENABLE_USER_SCRIPT_SANDBOXING = YES;
				GCC_C_LANGUAGE_STANDARD = gnu17;
				GCC_NO_COMMON_BLOCKS = YES;
				GCC_WARN_64_TO_32_BIT_CONVERSION = YES;
				GCC_WARN_ABOUT_RETURN_TYPE = YES_ERROR;
				GCC_WARN_UNDECLARED_SELECTOR = YES;
				GCC_WARN_UNINITIALIZED_AUTOS = YES_AGGRESSIVE;
				GCC_WARN_UNUSED_FUNCTION = YES;
				GCC_WARN_UNUSED_VARIABLE = YES;
				IPHONEOS_DEPLOYMENT_TARGET = 18.5;
				LOCALIZATION_PREFERS_STRING_CATALOGS = YES;
				MTL_ENABLE_DEBUG_INFO = NO;
				MTL_FAST_MATH = YES;
				SDKROOT = iphoneos;
				SWIFT_COMPILATION_MODE = wholemodule;
				VALIDATE_PRODUCT = YES;
			};
			name = Release;
		};
		652EAE072E42A1A100AC62B6 /* Debug */ = {
			isa = XCBuildConfiguration;
			buildSettings = {
				BUNDLE_LOADER = "$(TEST_HOST)";
				CODE_SIGN_STYLE = Automatic;
				CURRENT_PROJECT_VERSION = 1;
				GENERATE_INFOPLIST_FILE = YES;
				IPHONEOS_DEPLOYMENT_TARGET = 18.5;
				MARKETING_VERSION = 1.0;
				PRODUCT_BUNDLE_IDENTIFIER = com.aldoruizparra.ExpensesAppTests;
				PRODUCT_NAME = "$(TARGET_NAME)";
				SWIFT_EMIT_LOC_STRINGS = NO;
				SWIFT_VERSION = 5.0;
				TARGETED_DEVICE_FAMILY = "1,2";
				TEST_HOST = "$(BUILT_PRODUCTS_DIR)/ExpensesApp.app/$(BUNDLE_EXECUTABLE_FOLDER_PATH)/ExpensesApp";
			};
			name = Debug;
		};
		652EAE082E42A1A100AC62B6 /* Release */ = {
			isa = XCBuildConfiguration;
			buildSettings = {
				BUNDLE_LOADER = "$(TEST_HOST)";
				CODE_SIGN_STYLE = Automatic;
				CURRENT_PROJECT_VERSION = 1;
				GENERATE_INFOPLIST_FILE = YES;
				IPHONEOS_DEPLOYMENT_TARGET = 18.5;
				MARKETING_VERSION = 1.0;
				PRODUCT_BUNDLE_IDENTIFIER = com.aldoruizparra.ExpensesAppTests;
				PRODUCT_NAME = "$(TARGET_NAME)";
				SWIFT_EMIT_LOC_STRINGS = NO;
				SWIFT_VERSION = 5.0;
				TARGETED_DEVICE_FAMILY = "1,2";
				TEST_HOST = "$(BUILT_PRODUCTS_DIR)/ExpensesApp.app/$(BUNDLE_EXECUTABLE_FOLDER_PATH)/ExpensesApp";
			};
			name = Release;
		};
		652EAE0A2E42A1A100AC62B6 /* Debug */ = {
			isa = XCBuildConfiguration;
			buildSettings = {
				CODE_SIGN_STYLE = Automatic;
				CURRENT_PROJECT_VERSION = 1;
				GENERATE_INFOPLIST_FILE = YES;
				MARKETING_VERSION = 1.0;
				PRODUCT_BUNDLE_IDENTIFIER = com.aldoruizparra.ExpensesAppUITests;
				PRODUCT_NAME = "$(TARGET_NAME)";
				SWIFT_EMIT_LOC_STRINGS = NO;
				SWIFT_VERSION = 5.0;
				TARGETED_DEVICE_FAMILY = "1,2";
				TEST_TARGET_NAME = ExpensesApp;
			};
			name = Debug;
		};
		652EAE0B2E42A1A100AC62B6 /* Release */ = {
			isa = XCBuildConfiguration;
			buildSettings = {
				CODE_SIGN_STYLE = Automatic;
				CURRENT_PROJECT_VERSION = 1;
				GENERATE_INFOPLIST_FILE = YES;
				MARKETING_VERSION = 1.0;
				PRODUCT_BUNDLE_IDENTIFIER = com.aldoruizparra.ExpensesAppUITests;
				PRODUCT_NAME = "$(TARGET_NAME)";
				SWIFT_EMIT_LOC_STRINGS = NO;
				SWIFT_VERSION = 5.0;
				TARGETED_DEVICE_FAMILY = "1,2";
				TEST_TARGET_NAME = ExpensesApp;
			};
			name = Release;
		};
/* End XCBuildConfiguration section */

/* Begin XCConfigurationList section */
		652EADD32E42A1A000AC62B6 /* Build configuration list for PBXProject "ExpensesApp" */ = {
			isa = XCConfigurationList;
			buildConfigurations = (
				652EAE042E42A1A100AC62B6 /* Debug */,
				652EAE052E42A1A100AC62B6 /* Release */,
			);
			defaultConfigurationIsVisible = 0;
			defaultConfigurationName = Release;
		};
		652EAE012E42A1A100AC62B6 /* Build configuration list for PBXNativeTarget "ExpensesApp" */ = {
			isa = XCConfigurationList;
			buildConfigurations = (
				652EAE022E42A1A100AC62B6 /* Debug */,
				652EAE032E42A1A100AC62B6 /* Release */,
			);
			defaultConfigurationIsVisible = 0;
			defaultConfigurationName = Release;
		};
		652EAE062E42A1A100AC62B6 /* Build configuration list for PBXNativeTarget "ExpensesAppTests" */ = {
			isa = XCConfigurationList;
			buildConfigurations = (
				652EAE072E42A1A100AC62B6 /* Debug */,
				652EAE082E42A1A100AC62B6 /* Release */,
			);
			defaultConfigurationIsVisible = 0;
			defaultConfigurationName = Release;
		};
		652EAE092E42A1A100AC62B6 /* Build configuration list for PBXNativeTarget "ExpensesAppUITests" */ = {
			isa = XCConfigurationList;
			buildConfigurations = (
				652EAE0A2E42A1A100AC62B6 /* Debug */,
				652EAE0B2E42A1A100AC62B6 /* Release */,
			);
			defaultConfigurationIsVisible = 0;
			defaultConfigurationName = Release;
		};
/* End XCConfigurationList section */
	};
	rootObject = 652EADD02E42A1A000AC62B6 /* Project object */;
}
